Microsoft Visual Studio Solution File, Format Version 12.00
# Visual Studio Version 17
VisualStudioVersion = 17.5.2.0
MinimumVisualStudioVersion = 10.0.40219.1
Project("{FAE04EC0-301F-11D3-BF4B-00C04F79EFBC}") = "ConcertApi", "ConcertApi.csproj", "{7EBEDCF7-5950-7118-01F9-27113A41F4CC}"
EndProject
Global
	GlobalSection(SolutionConfigurationPlatforms) = preSolution
		Debug|Any CPU = Debug|Any CPU
		Release|Any CPU = Release|Any CPU
	EndGlobalSection
	GlobalSection(ProjectConfigurationPlatforms) = postSolution
		{7EBEDCF7-5950-7118-01F9-27113A41F4CC}.Debug|Any CPU.ActiveCfg = Debug|Any CPU
		{7EBEDCF7-5950-7118-01F9-27113A41F4CC}.Debug|Any CPU.Build.0 = Debug|Any CPU
		{7EBEDCF7-5950-7118-01F9-27113A41F4CC}.Release|Any CPU.ActiveCfg = Release|Any CPU
		{7EBEDCF7-5950-7118-01F9-27113A41F4CC}.Release|Any CPU.Build.0 = Release|Any CPU
	EndGlobalSection
	GlobalSection(SolutionProperties) = preSolution
		HideSolutionNode = FALSE
	EndGlobalSection
	GlobalSection(ExtensibilityGlobals) = postSolution
		SolutionGuid = {3D35D00F-A94B-47E4-8F43-EA3A6C74AD15}
	EndGlobalSection
EndGlobal
